
Microsoft Visual Studio Solution File, Format Version 12.00
# Visual Studio Version 17
VisualStudioVersion = 17.13.35828.75
MinimumVisualStudioVersion = 10.0.40219.1
Project("{FAE04EC0-301F-11D3-BF4B-00C04F79EFBC}") = "RazorHotelDB25Kristian", "RazorHotelDB25Kristian\RazorHotelDB25Kristian.csproj", "{2C5934F3-254A-4205-ABB1-6AAC90B5524E}"
EndProject
Project("{FAE04EC0-301F-11D3-BF4B-00C04F79EFBC}") = "HotelDBTester", "HotelDBTester\HotelDBTester.csproj", "{62ED3846-1981-46A3-9360-424AC314A2C4}"
EndProject
Global
	GlobalSection(SolutionConfigurationPlatforms) = preSolution
		Debug|Any CPU = Debug|Any CPU
		Release|Any CPU = Release|Any CPU
	EndGlobalSection
	GlobalSection(ProjectConfigurationPlatforms) = postSolution
		{2C5934F3-254A-4205-ABB1-6AAC90B5524E}.Debug|Any CPU.ActiveCfg = Debug|Any CPU
		{2C5934F3-254A-4205-ABB1-6AAC90B5524E}.Debug|Any CPU.Build.0 = Debug|Any CPU
		{2C5934F3-254A-4205-ABB1-6AAC90B5524E}.Release|Any CPU.ActiveCfg = Release|Any CPU
		{2C5934F3-254A-4205-ABB1-6AAC90B5524E}.Release|Any CPU.Build.0 = Release|Any CPU
		{62ED3846-1981-46A3-9360-424AC314A2C4}.Debug|Any CPU.ActiveCfg = Debug|Any CPU
		{62ED3846-1981-46A3-9360-424AC314A2C4}.Debug|Any CPU.Build.0 = Debug|Any CPU
		{62ED3846-1981-46A3-9360-424AC314A2C4}.Release|Any CPU.ActiveCfg = Release|Any CPU
		{62ED3846-1981-46A3-9360-424AC314A2C4}.Release|Any CPU.Build.0 = Release|Any CPU
	EndGlobalSection
	GlobalSection(SolutionProperties) = preSolution
		HideSolutionNode = FALSE
	EndGlobalSection
	GlobalSection(ExtensibilityGlobals) = postSolution
		SolutionGuid = {E6401D93-2E97-4CF6-BD85-CA7FD60A34AA}
	EndGlobalSection
EndGlobal
